
Microsoft Visual Studio Solution File, Format Version 12.00
# Visual Studio Version 17
VisualStudioVersion = 17.12.35527.113
MinimumVisualStudioVersion = 10.0.40219.1
Project("{FAE04EC0-301F-11D3-BF4B-00C04F79EFBC}") = "C# Learning Path", "Learning Path\C# Learning Path.csproj", "{77CD6972-6F90-4274-80B3-FD26349190E9}"
EndProject
Project("{FAE04EC0-301F-11D3-BF4B-00C04F79EFBC}") = "To-Do List", "To-Do List\To-Do List.csproj", "{7B883626-A925-4C66-B634-C667A8E20700}"
EndProject
Project("{FAE04EC0-301F-11D3-BF4B-00C04F79EFBC}") = "Simple Calculator", "Simple Calculator\Simple Calculator.csproj", "{51D66E0D-D9EB-45EC-A5CA-F1082BB96329}"
EndProject
Global
	GlobalSection(SolutionConfigurationPlatforms) = preSolution
		Debug|Any CPU = Debug|Any CPU
		Release|Any CPU = Release|Any CPU
	EndGlobalSection
	GlobalSection(ProjectConfigurationPlatforms) = postSolution
		{77CD6972-6F90-4274-80B3-FD26349190E9}.Debug|Any CPU.ActiveCfg = Debug|Any CPU
		{77CD6972-6F90-4274-80B3-FD26349190E9}.Debug|Any CPU.Build.0 = Debug|Any CPU
		{77CD6972-6F90-4274-80B3-FD26349190E9}.Release|Any CPU.ActiveCfg = Release|Any CPU
		{77CD6972-6F90-4274-80B3-FD26349190E9}.Release|Any CPU.Build.0 = Release|Any CPU
		{7B883626-A925-4C66-B634-C667A8E20700}.Debug|Any CPU.ActiveCfg = Debug|Any CPU
		{7B883626-A925-4C66-B634-C667A8E20700}.Debug|Any CPU.Build.0 = Debug|Any CPU
		{7B883626-A925-4C66-B634-C667A8E20700}.Release|Any CPU.ActiveCfg = Release|Any CPU
		{7B883626-A925-4C66-B634-C667A8E20700}.Release|Any CPU.Build.0 = Release|Any CPU
		{51D66E0D-D9EB-45EC-A5CA-F1082BB96329}.Debug|Any CPU.ActiveCfg = Debug|Any CPU
		{51D66E0D-D9EB-45EC-A5CA-F1082BB96329}.Debug|Any CPU.Build.0 = Debug|Any CPU
		{51D66E0D-D9EB-45EC-A5CA-F1082BB96329}.Release|Any CPU.ActiveCfg = Release|Any CPU
		{51D66E0D-D9EB-45EC-A5CA-F1082BB96329}.Release|Any CPU.Build.0 = Release|Any CPU
	EndGlobalSection
	GlobalSection(SolutionProperties) = preSolution
		HideSolutionNode = FALSE
	EndGlobalSection
EndGlobal
